// !$*UTF8*$!
{
	archiveVersion = 1;
	classes = {
	};
	objectVersion = 46;
	objects = {

/* Begin PBXBuildFile section */
		27B9D2611A72A109005BC633 /* QuartzCore.framework in Frameworks */ = {isa = PBXBuildFile; fileRef = 27B9D2601A72A109005BC633 /* QuartzCore.framework */; };
		27B9D2631A72D55B005BC633 /* DrawingView.swift in Sources */ = {isa = PBXBuildFile; fileRef = 27B9D2621A72D55B005BC633 /* DrawingView.swift */; };
		27B9D2651A72E67A005BC633 /* DrawingModel.swift in Sources */ = {isa = PBXBuildFile; fileRef = 27B9D2641A72E67A005BC633 /* DrawingModel.swift */; };
		27EE83911A729A7100415D9B /* AppDelegate.swift in Sources */ = {isa = PBXBuildFile; fileRef = 27EE83901A729A7100415D9B /* AppDelegate.swift */; };
		27EE83931A729A7100415D9B /* ViewController.swift in Sources */ = {isa = PBXBuildFile; fileRef = 27EE83921A729A7100415D9B /* ViewController.swift */; };
		27EE83961A729A7100415D9B /* Main.storyboard in Resources */ = {isa = PBXBuildFile; fileRef = 27EE83941A729A7100415D9B /* Main.storyboard */; };
		27EE83981A729A7100415D9B /* Images.xcassets in Resources */ = {isa = PBXBuildFile; fileRef = 27EE83971A729A7100415D9B /* Images.xcassets */; };
		27EE839B1A729A7100415D9B /* LaunchScreen.xib in Resources */ = {isa = PBXBuildFile; fileRef = 27EE83991A729A7100415D9B /* LaunchScreen.xib */; };
		27EE83A71A729A7100415D9B /* FingerPaintSwiftTests.swift in Sources */ = {isa = PBXBuildFile; fileRef = 27EE83A61A729A7100415D9B /* FingerPaintSwiftTests.swift */; };
/* End PBXBuildFile section */

/* Begin PBXContainerItemProxy section */
		27EE83A11A729A7100415D9B /* PBXContainerItemProxy */ = {
			isa = PBXContainerItemProxy;
			containerPortal = 27EE83831A729A7100415D9B /* Project object */;
			proxyType = 1;
			remoteGlobalIDString = 27EE838A1A729A7100415D9B;
			remoteInfo = FingerPaintSwift;
		};
/* End PBXContainerItemProxy section */

/* Begin PBXFileReference section */
		27B9D2601A72A109005BC633 /* QuartzCore.framework */ = {isa = PBXFileReference; lastKnownFileType = wrapper.framework; name = QuartzCore.framework; path = System/Library/Frameworks/QuartzCore.framework; sourceTree = SDKROOT; };
		27B9D2621A72D55B005BC633 /* DrawingView.swift */ = {isa = PBXFileReference; fileEncoding = 4; lastKnownFileType = sourcecode.swift; path = DrawingView.swift; sourceTree = "<group>"; };
		27B9D2641A72E67A005BC633 /* DrawingModel.swift */ = {isa = PBXFileReference; fileEncoding = 4; lastKnownFileType = sourcecode.swift; path = DrawingModel.swift; sourceTree = "<group>"; };
		27B9D2661A72ED06005BC633 /* ScratchPad.playground */ = {isa = PBXFileReference; lastKnownFileType = file.playground; path = ScratchPad.playground; sourceTree = "<group>"; };
		27EE838B1A729A7100415D9B /* FingerPaintSwift.app */ = {isa = PBXFileReference; explicitFileType = wrapper.application; includeInIndex = 0; path = FingerPaintSwift.app; sourceTree = BUILT_PRODUCTS_DIR; };
		27EE838F1A729A7100415D9B /* Info.plist */ = {isa = PBXFileReference; lastKnownFileType = text.plist.xml; path = Info.plist; sourceTree = "<group>"; };
		27EE83901A729A7100415D9B /* AppDelegate.swift */ = {isa = PBXFileReference; lastKnownFileType = sourcecode.swift; path = AppDelegate.swift; sourceTree = "<group>"; };
		27EE83921A729A7100415D9B /* ViewController.swift */ = {isa = PBXFileReference; lastKnownFileType = sourcecode.swift; path = ViewController.swift; sourceTree = "<group>"; };
		27EE83951A729A7100415D9B /* Base */ = {isa = PBXFileReference; lastKnownFileType = file.storyboard; name = Base; path = Base.lproj/Main.storyboard; sourceTree = "<group>"; };
		27EE83971A729A7100415D9B /* Images.xcassets */ = {isa = PBXFileReference; lastKnownFileType = folder.assetcatalog; path = Images.xcassets; sourceTree = "<group>"; };
		27EE839A1A729A7100415D9B /* Base */ = {isa = PBXFileReference; lastKnownFileType = file.xib; name = Base; path = Base.lproj/LaunchScreen.xib; sourceTree = "<group>"; };
		27EE83A01A729A7100415D9B /* FingerPaintSwiftTests.xctest */ = {isa = PBXFileReference; explicitFileType = wrapper.cfbundle; includeInIndex = 0; path = FingerPaintSwiftTests.xctest; sourceTree = BUILT_PRODUCTS_DIR; };
		27EE83A51A729A7100415D9B /* Info.plist */ = {isa = PBXFileReference; lastKnownFileType = text.plist.xml; path = Info.plist; sourceTree = "<group>"; };
		27EE83A61A729A7100415D9B /* FingerPaintSwiftTests.swift */ = {isa = PBXFileReference; lastKnownFileType = sourcecode.swift; path = FingerPaintSwiftTests.swift; sourceTree = "<group>"; };
/* End PBXFileReference section */

/* Begin PBXFrameworksBuildPhase section */
		27EE83881A729A7100415D9B /* Frameworks */ = {
			isa = PBXFrameworksBuildPhase;
			buildActionMask = 2147483647;
			files = (
				27B9D2611A72A109005BC633 /* QuartzCore.framework in Frameworks */,
			);
			runOnlyForDeploymentPostprocessing = 0;
		};
		27EE839D1A729A7100415D9B /* Frameworks */ = {
			isa = PBXFrameworksBuildPhase;
			buildActionMask = 2147483647;
			files = (
			);
			runOnlyForDeploymentPostprocessing = 0;
		};
/* End PBXFrameworksBuildPhase section */

/* Begin PBXGroup section */
		27EE83821A729A7100415D9B = {
			isa = PBXGroup;
			children = (
				27B9D2601A72A109005BC633 /* QuartzCore.framework */,
				27EE838D1A729A7100415D9B /* FingerPaintSwift */,
				27EE83A31A729A7100415D9B /* FingerPaintSwiftTests */,
				27EE838C1A729A7100415D9B /* Products */,
			);
			sourceTree = "<group>";
		};
		27EE838C1A729A7100415D9B /* Products */ = {
			isa = PBXGroup;
			children = (
				27EE838B1A729A7100415D9B /* FingerPaintSwift.app */,
				27EE83A01A729A7100415D9B /* FingerPaintSwiftTests.xctest */,
			);
			name = Products;
			sourceTree = "<group>";
		};
		27EE838D1A729A7100415D9B /* FingerPaintSwift */ = {
			isa = PBXGroup;
			children = (
				27EE83901A729A7100415D9B /* AppDelegate.swift */,
				27EE83921A729A7100415D9B /* ViewController.swift */,
				27B9D2661A72ED06005BC633 /* ScratchPad.playground */,
				27EE83941A729A7100415D9B /* Main.storyboard */,
				27B9D2621A72D55B005BC633 /* DrawingView.swift */,
				27B9D2641A72E67A005BC633 /* DrawingModel.swift */,
				27EE83971A729A7100415D9B /* Images.xcassets */,
				27EE83991A729A7100415D9B /* LaunchScreen.xib */,
				27EE838E1A729A7100415D9B /* Supporting Files */,
			);
			path = FingerPaintSwift;
			sourceTree = "<group>";
		};
		27EE838E1A729A7100415D9B /* Supporting Files */ = {
			isa = PBXGroup;
			children = (
				27EE838F1A729A7100415D9B /* Info.plist */,
			);
			name = "Supporting Files";
			sourceTree = "<group>";
		};
		27EE83A31A729A7100415D9B /* FingerPaintSwiftTests */ = {
			isa = PBXGroup;
			children = (
				27EE83A61A729A7100415D9B /* FingerPaintSwiftTests.swift */,
				27EE83A41A729A7100415D9B /* Supporting Files */,
			);
			path = FingerPaintSwiftTests;
			sourceTree = "<group>";
		};
		27EE83A41A729A7100415D9B /* Supporting Files */ = {
			isa = PBXGroup;
			children = (
				27EE83A51A729A7100415D9B /* Info.plist */,
			);
			name = "Supporting Files";
			sourceTree = "<group>";
		};
/* End PBXGroup section */

/* Begin PBXNativeTarget section */
		27EE838A1A729A7100415D9B /* FingerPaintSwift */ = {
			isa = PBXNativeTarget;
			buildConfigurationList = 27EE83AA1A729A7100415D9B /* Build configuration list for PBXNativeTarget "FingerPaintSwift" */;
			buildPhases = (
				27EE83871A729A7100415D9B /* Sources */,
				27EE83881A729A7100415D9B /* Frameworks */,
				27EE83891A729A7100415D9B /* Resources */,
			);
			buildRules = (
			);
			dependencies = (
			);
			name = FingerPaintSwift;
			productName = FingerPaintSwift;
			productReference = 27EE838B1A729A7100415D9B /* FingerPaintSwift.app */;
			productType = "com.apple.product-type.application";
		};
		27EE839F1A729A7100415D9B /* FingerPaintSwiftTests */ = {
			isa = PBXNativeTarget;
			buildConfigurationList = 27EE83AD1A729A7100415D9B /* Build configuration list for PBXNativeTarget "FingerPaintSwiftTests" */;
			buildPhases = (
				27EE839C1A729A7100415D9B /* Sources */,
				27EE839D1A729A7100415D9B /* Frameworks */,
				27EE839E1A729A7100415D9B /* Resources */,
			);
			buildRules = (
			);
			dependencies = (
				27EE83A21A729A7100415D9B /* PBXTargetDependency */,
			);
			name = FingerPaintSwiftTests;
			productName = FingerPaintSwiftTests;
			productReference = 27EE83A01A729A7100415D9B /* FingerPaintSwiftTests.xctest */;
			productType = "com.apple.product-type.bundle.unit-test";
		};
/* End PBXNativeTarget section */

/* Begin PBXProject section */
		27EE83831A729A7100415D9B /* Project object */ = {
			isa = PBXProject;
			attributes = {
				LastUpgradeCheck = 0610;
				ORGANIZATIONNAME = "Mike Reining";
				TargetAttributes = {
					27EE838A1A729A7100415D9B = {
						CreatedOnToolsVersion = 6.1.1;
					};
					27EE839F1A729A7100415D9B = {
						CreatedOnToolsVersion = 6.1.1;
						TestTargetID = 27EE838A1A729A7100415D9B;
					};
				};
			};
			buildConfigurationList = 27EE83861A729A7100415D9B /* Build configuration list for PBXProject "FingerPaintSwift" */;
			compatibilityVersion = "Xcode 3.2";
			developmentRegion = English;
			hasScannedForEncodings = 0;
			knownRegions = (
				en,
				Base,
			);
			mainGroup = 27EE83821A729A7100415D9B;
			productRefGroup = 27EE838C1A729A7100415D9B /* Products */;
			projectDirPath = "";
			projectRoot = "";
			targets = (
				27EE838A1A729A7100415D9B /* FingerPaintSwift */,
				27EE839F1A729A7100415D9B /* FingerPaintSwiftTests */,
			);
		};
/* End PBXProject section */

/* Begin PBXResourcesBuildPhase section */
		27EE83891A729A7100415D9B /* Resources */ = {
			isa = PBXResourcesBuildPhase;
			buildActionMask = 2147483647;
			files = (
				27EE83961A729A7100415D9B /* Main.storyboard in Resources */,
				27EE839B1A729A7100415D9B /* LaunchScreen.xib in Resources */,
				27EE83981A729A7100415D9B /* Images.xcassets in Resources */,
			);
			runOnlyForDeploymentPostprocessing = 0;
		};
		27EE839E1A729A7100415D9B /* Resources */ = {
			isa = PBXResourcesBuildPhase;
			buildActionMask = 2147483647;
			files = (
			);
			runOnlyForDeploymentPostprocessing = 0;
		};
/* End PBXResourcesBuildPhase section */

/* Begin PBXSourcesBuildPhase section */
		27EE83871A729A7100415D9B /* Sources */ = {
			isa = PBXSourcesBuildPhase;
			buildActionMask = 2147483647;
			files = (
				27B9D2631A72D55B005BC633 /* DrawingView.swift in Sources */,
				27EE83931A729A7100415D9B /* ViewController.swift in Sources */,
				27B9D2651A72E67A005BC633 /* DrawingModel.swift in Sources */,
				27EE83911A729A7100415D9B /* AppDelegate.swift in Sources */,
			);
			runOnlyForDeploymentPostprocessing = 0;
		};
		27EE839C1A729A7100415D9B /* Sources */ = {
			isa = PBXSourcesBuildPhase;
			buildActionMask = 2147483647;
			files = (
				27EE83A71A729A7100415D9B /* FingerPaintSwiftTests.swift in Sources */,
			);
			runOnlyForDeploymentPostprocessing = 0;
		};
/* End PBXSourcesBuildPhase section */

/* Begin PBXTargetDependency section */
		27EE83A21A729A7100415D9B /* PBXTargetDependency */ = {
			isa = PBXTargetDependency;
			target = 27EE838A1A729A7100415D9B /* FingerPaintSwift */;
			targetProxy = 27EE83A11A729A7100415D9B /* PBXContainerItemProxy */;
		};
/* End PBXTargetDependency section */

/* Begin PBXVariantGroup section */
		27EE83941A729A7100415D9B /* Main.storyboard */ = {
			isa = PBXVariantGroup;
			children = (
				27EE83951A729A7100415D9B /* Base */,
			);
			name = Main.storyboard;
			sourceTree = "<group>";
		};
		27EE83991A729A7100415D9B /* LaunchScreen.xib */ = {
			isa = PBXVariantGroup;
			children = (
				27EE839A1A729A7100415D9B /* Base */,
			);
			name = LaunchScreen.xib;
			sourceTree = "<group>";
		};
/* End PBXVariantGroup section */

/* Begin XCBuildConfiguration section */
		27EE83A81A729A7100415D9B /* Debug */ = {
			isa = XCBuildConfiguration;
			buildSettings = {
				ALWAYS_SEARCH_USER_PATHS = NO;
				CLANG_CXX_LANGUAGE_STANDARD = "gnu++0x";
				CLANG_CXX_LIBRARY = "libc++";
				CLANG_ENABLE_MODULES = YES;
				CLANG_ENABLE_OBJC_ARC = YES;
				CLANG_WARN_BOOL_CONVERSION = YES;
				CLANG_WARN_CONSTANT_CONVERSION = YES;
				CLANG_WARN_DIRECT_OBJC_ISA_USAGE = YES_ERROR;
				CLANG_WARN_EMPTY_BODY = YES;
				CLANG_WARN_ENUM_CONVERSION = YES;
				CLANG_WARN_INT_CONVERSION = YES;
				CLANG_WARN_OBJC_ROOT_CLASS = YES_ERROR;
				CLANG_WARN_UNREACHABLE_CODE = YES;
				CLANG_WARN__DUPLICATE_METHOD_MATCH = YES;
				"CODE_SIGN_IDENTITY[sdk=iphoneos*]" = "iPhone Developer";
				COPY_PHASE_STRIP = NO;
				ENABLE_STRICT_OBJC_MSGSEND = YES;
				GCC_C_LANGUAGE_STANDARD = gnu99;
				GCC_DYNAMIC_NO_PIC = NO;
				GCC_OPTIMIZATION_LEVEL = 0;
				GCC_PREPROCESSOR_DEFINITIONS = (
					"DEBUG=1",
					"$(inherited)",
				);
				GCC_SYMBOLS_PRIVATE_EXTERN = NO;
				GCC_WARN_64_TO_32_BIT_CONVERSION = YES;
				GCC_WARN_ABOUT_RETURN_TYPE = YES_ERROR;
				GCC_WARN_UNDECLARED_SELECTOR = YES;
				GCC_WARN_UNINITIALIZED_AUTOS = YES_AGGRESSIVE;
				GCC_WARN_UNUSED_FUNCTION = YES;
				GCC_WARN_UNUSED_VARIABLE = YES;
				IPHONEOS_DEPLOYMENT_TARGET = 8.1;
				MTL_ENABLE_DEBUG_INFO = YES;
				ONLY_ACTIVE_ARCH = YES;
				SDKROOT = iphoneos;
				SWIFT_OPTIMIZATION_LEVEL = "-Onone";
				TARGETED_DEVICE_FAMILY = "1,2";
			};
			name = Debug;
		};
		27EE83A91A729A7100415D9B /* Release */ = {
			isa = XCBuildConfiguration;
			buildSettings = {
				ALWAYS_SEARCH_USER_PATHS = NO;
				CLANG_CXX_LANGUAGE_STANDARD = "gnu++0x";
				CLANG_CXX_LIBRARY = "libc++";
				CLANG_ENABLE_MODULES = YES;
				CLANG_ENABLE_OBJC_ARC = YES;
				CLANG_WARN_BOOL_CONVERSION = YES;
				CLANG_WARN_CONSTANT_CONVERSION = YES;
				CLANG_WARN_DIRECT_OBJC_ISA_USAGE = YES_ERROR;
				CLANG_WARN_EMPTY_BODY = YES;
				CLANG_WARN_ENUM_CONVERSION = YES;
				CLANG_WARN_INT_CONVERSION = YES;
				CLANG_WARN_OBJC_ROOT_CLASS = YES_ERROR;
				CLANG_WARN_UNREACHABLE_CODE = YES;
				CLANG_WARN__DUPLICATE_METHOD_MATCH = YES;
				"CODE_SIGN_IDENTITY[sdk=iphoneos*]" = "iPhone Developer";
				COPY_PHASE_STRIP = YES;
				ENABLE_NS_ASSERTIONS = NO;
				ENABLE_STRICT_OBJC_MSGSEND = YES;
				GCC_C_LANGUAGE_STANDARD = gnu99;
				GCC_WARN_64_TO_32_BIT_CONVERSION = YES;
				GCC_WARN_ABOUT_RETURN_TYPE = YES_ERROR;
				GCC_WARN_UNDECLARED_SELECTOR = YES;
				GCC_WARN_UNINITIALIZED_AUTOS = YES_AGGRESSIVE;
				GCC_WARN_UNUSED_FUNCTION = YES;
				GCC_WARN_UNUSED_VARIABLE = YES;
				IPHONEOS_DEPLOYMENT_TARGET = 8.1;
				MTL_ENABLE_DEBUG_INFO = NO;
				SDKROOT = iphoneos;
				TARGETED_DEVICE_FAMILY = "1,2";
				VALIDATE_PRODUCT = YES;
			};
			name = Release;
		};
		27EE83AB1A729A7100415D9B /* Debug */ = {
			isa = XCBuildConfiguration;
			buildSettings = {
				ASSETCATALOG_COMPILER_APPICON_NAME = AppIcon;
				INFOPLIST_FILE = FingerPaintSwift/Info.plist;
				LD_RUNPATH_SEARCH_PATHS = "$(inherited) @executable_path/Frameworks";
				PRODUCT_NAME = "$(TARGET_NAME)";
			};
			name = Debug;
		};
		27EE83AC1A729A7100415D9B /* Release */ = {
			isa = XCBuildConfiguration;
			buildSettings = {
				ASSETCATALOG_COMPILER_APPICON_NAME = AppIcon;
				INFOPLIST_FILE = FingerPaintSwift/Info.plist;
				LD_RUNPATH_SEARCH_PATHS = "$(inherited) @executable_path/Frameworks";
				PRODUCT_NAME = "$(TARGET_NAME)";
			};
			name = Release;
		};
		27EE83AE1A729A7100415D9B /* Debug */ = {
			isa = XCBuildConfiguration;
			buildSettings = {
				BUNDLE_LOADER = "$(TEST_HOST)";
				FRAMEWORK_SEARCH_PATHS = (
					"$(SDKROOT)/Developer/Library/Frameworks",
					"$(inherited)",
				);
				GCC_PREPROCESSOR_DEFINITIONS = (
					"DEBUG=1",
					"$(inherited)",
				);
				INFOPLIST_FILE = FingerPaintSwiftTests/Info.plist;
				LD_RUNPATH_SEARCH_PATHS = "$(inherited) @executable_path/Frameworks @loader_path/Frameworks";
				PRODUCT_NAME = "$(TARGET_NAME)";
				TEST_HOST = "$(BUILT_PRODUCTS_DIR)/FingerPaintSwift.app/FingerPaintSwift";
			};
			name = Debug;
		};
		27EE83AF1A729A7100415D9B /* Release */ = {
			isa = XCBuildConfiguration;
			buildSettings = {
				BUNDLE_LOADER = "$(TEST_HOST)";
				FRAMEWORK_SEARCH_PATHS = (
					"$(SDKROOT)/Developer/Library/Frameworks",
					"$(inherited)",
				);
				INFOPLIST_FILE = FingerPaintSwiftTests/Info.plist;
				LD_RUNPATH_SEARCH_PATHS = "$(inherited) @executable_path/Frameworks @loader_path/Frameworks";
				PRODUCT_NAME = "$(TARGET_NAME)";
				TEST_HOST = "$(BUILT_PRODUCTS_DIR)/FingerPaintSwift.app/FingerPaintSwift";
			};
			name = Release;
		};
/* End XCBuildConfiguration section */

/* Begin XCConfigurationList section */
		27EE83861A729A7100415D9B /* Build configuration list for PBXProject "FingerPaintSwift" */ = {
			isa = XCConfigurationList;
			buildConfigurations = (
				27EE83A81A729A7100415D9B /* Debug */,
				27EE83A91A729A7100415D9B /* Release */,
			);
			defaultConfigurationIsVisible = 0;
			defaultConfigurationName = Release;
		};
		27EE83AA1A729A7100415D9B /* Build configuration list for PBXNativeTarget "FingerPaintSwift" */ = {
			isa = XCConfigurationList;
			buildConfigurations = (
				27EE83AB1A729A7100415D9B /* Debug */,
				27EE83AC1A729A7100415D9B /* Release */,
			);
			defaultConfigurationIsVisible = 0;
			defaultConfigurationName = Release;
		};
		27EE83AD1A729A7100415D9B /* Build configuration list for PBXNativeTarget "FingerPaintSwiftTests" */ = {
			isa = XCConfigurationList;
			buildConfigurations = (
				27EE83AE1A729A7100415D9B /* Debug */,
				27EE83AF1A729A7100415D9B /* Release */,
			);
			defaultConfigurationIsVisible = 0;
			defaultConfigurationName = Release;
		};
/* End XCConfigurationList section */
	};
	rootObject = 27EE83831A729A7100415D9B /* Project object */;
}
